
Microsoft Visual Studio Solution File, Format Version 12.00
# Visual Studio Version 17
VisualStudioVersion = 17.3.32929.385
MinimumVisualStudioVersion = 10.0.40219.1
Project("{FAE04EC0-301F-11D3-BF4B-00C04F79EFBC}") = "Task_12_1_Forms", "Task_12_1_Forms\Task_12_1_Forms.csproj", "{EF483484-141C-4F5F-9997-D01BC4B858FA}"
EndProject
Global
	GlobalSection(SolutionConfigurationPlatforms) = preSolution
		Debug|Any CPU = Debug|Any CPU
		Release|Any CPU = Release|Any CPU
	EndGlobalSection
	GlobalSection(ProjectConfigurationPlatforms) = postSolution
		{EF483484-141C-4F5F-9997-D01BC4B858FA}.Debug|Any CPU.ActiveCfg = Debug|Any CPU
		{EF483484-141C-4F5F-9997-D01BC4B858FA}.Debug|Any CPU.Build.0 = Debug|Any CPU
		{EF483484-141C-4F5F-9997-D01BC4B858FA}.Release|Any CPU.ActiveCfg = Release|Any CPU
		{EF483484-141C-4F5F-9997-D01BC4B858FA}.Release|Any CPU.Build.0 = Release|Any CPU
	EndGlobalSection
	GlobalSection(SolutionProperties) = preSolution
		HideSolutionNode = FALSE
	EndGlobalSection
	GlobalSection(ExtensibilityGlobals) = postSolution
		SolutionGuid = {314A30B1-0F15-44AC-BC27-E1E08725B5C8}
	EndGlobalSection
EndGlobal
